
Microsoft Visual Studio Solution File, Format Version 12.00
# Visual Studio 15
VisualStudioVersion = 15.0.27703.2018
MinimumVisualStudioVersion = 10.0.40219.1
Project("{9A19103F-16F7-4668-BE54-9A1E7A4F7556}") = "Observer.Server", "Observer.Server\Observer.Server.csproj", "{DEE0AF7C-B2DA-4615-A108-E71710CC2931}"
EndProject
Project("{9A19103F-16F7-4668-BE54-9A1E7A4F7556}") = "Observer.Client", "Observer.Client\Observer.Client.csproj", "{01A7549F-7CED-4347-872D-C40CD35088F9}"
EndProject
Project("{9A19103F-16F7-4668-BE54-9A1E7A4F7556}") = "Observer.Core", "Observer.Core\Observer.Core.csproj", "{35266D29-79C0-40B6-8529-DE0F9B21AA71}"
EndProject
Project("{2150E333-8FDC-42A3-9474-1A3956D46DE8}") = "Sample", "Sample", "{4332E666-B048-4BC2-8440-B6EE73D104D2}"
EndProject
Project("{9A19103F-16F7-4668-BE54-9A1E7A4F7556}") = "Observer.Client.Api", "Observer.Client.Api\Observer.Client.Api.csproj", "{C3AFE807-ABC9-4238-A857-AA92C50BBC67}"
EndProject
Project("{FAE04EC0-301F-11D3-BF4B-00C04F79EFBC}") = "Observer.Server.Api", "Observer.Server.Api\Observer.Server.Api.csproj", "{66D93248-F3F7-4376-96DB-C57A8F06A225}"
EndProject
Global
	GlobalSection(SolutionConfigurationPlatforms) = preSolution
		Debug|Any CPU = Debug|Any CPU
		Release|Any CPU = Release|Any CPU
	EndGlobalSection
	GlobalSection(ProjectConfigurationPlatforms) = postSolution
		{DEE0AF7C-B2DA-4615-A108-E71710CC2931}.Debug|Any CPU.ActiveCfg = Debug|Any CPU
		{DEE0AF7C-B2DA-4615-A108-E71710CC2931}.Debug|Any CPU.Build.0 = Debug|Any CPU
		{DEE0AF7C-B2DA-4615-A108-E71710CC2931}.Release|Any CPU.ActiveCfg = Release|Any CPU
		{DEE0AF7C-B2DA-4615-A108-E71710CC2931}.Release|Any CPU.Build.0 = Release|Any CPU
		{01A7549F-7CED-4347-872D-C40CD35088F9}.Debug|Any CPU.ActiveCfg = Debug|Any CPU
		{01A7549F-7CED-4347-872D-C40CD35088F9}.Debug|Any CPU.Build.0 = Debug|Any CPU
		{01A7549F-7CED-4347-872D-C40CD35088F9}.Release|Any CPU.ActiveCfg = Release|Any CPU
		{01A7549F-7CED-4347-872D-C40CD35088F9}.Release|Any CPU.Build.0 = Release|Any CPU
		{35266D29-79C0-40B6-8529-DE0F9B21AA71}.Debug|Any CPU.ActiveCfg = Debug|Any CPU
		{35266D29-79C0-40B6-8529-DE0F9B21AA71}.Debug|Any CPU.Build.0 = Debug|Any CPU
		{35266D29-79C0-40B6-8529-DE0F9B21AA71}.Release|Any CPU.ActiveCfg = Release|Any CPU
		{35266D29-79C0-40B6-8529-DE0F9B21AA71}.Release|Any CPU.Build.0 = Release|Any CPU
		{C3AFE807-ABC9-4238-A857-AA92C50BBC67}.Debug|Any CPU.ActiveCfg = Debug|Any CPU
		{C3AFE807-ABC9-4238-A857-AA92C50BBC67}.Debug|Any CPU.Build.0 = Debug|Any CPU
		{C3AFE807-ABC9-4238-A857-AA92C50BBC67}.Release|Any CPU.ActiveCfg = Release|Any CPU
		{C3AFE807-ABC9-4238-A857-AA92C50BBC67}.Release|Any CPU.Build.0 = Release|Any CPU
		{66D93248-F3F7-4376-96DB-C57A8F06A225}.Debug|Any CPU.ActiveCfg = Debug|Any CPU
		{66D93248-F3F7-4376-96DB-C57A8F06A225}.Debug|Any CPU.Build.0 = Debug|Any CPU
		{66D93248-F3F7-4376-96DB-C57A8F06A225}.Release|Any CPU.ActiveCfg = Release|Any CPU
		{66D93248-F3F7-4376-96DB-C57A8F06A225}.Release|Any CPU.Build.0 = Release|Any CPU
	EndGlobalSection
	GlobalSection(SolutionProperties) = preSolution
		HideSolutionNode = FALSE
	EndGlobalSection
	GlobalSection(NestedProjects) = preSolution
		{C3AFE807-ABC9-4238-A857-AA92C50BBC67} = {4332E666-B048-4BC2-8440-B6EE73D104D2}
		{66D93248-F3F7-4376-96DB-C57A8F06A225} = {4332E666-B048-4BC2-8440-B6EE73D104D2}
	EndGlobalSection
	GlobalSection(ExtensibilityGlobals) = postSolution
		SolutionGuid = {64C244F4-505E-4E9D-9042-3C1325BFAAE8}
	EndGlobalSection
EndGlobal
